
Microsoft Visual Studio Solution File, Format Version 12.00
# Visual Studio Version 17
VisualStudioVersion = 17.0.32002.185
MinimumVisualStudioVersion = 10.0.40219.1
Project("{FAE04EC0-301F-11D3-BF4B-00C04F79EFBC}") = "AutomationDemo", "AutomationDemo.csproj", "{F42BA8B7-B857-434E-B178-19A323B6CA7D}"
EndProject
Global
	GlobalSection(SolutionConfigurationPlatforms) = preSolution
		Debug|Any CPU = Debug|Any CPU
		Release|Any CPU = Release|Any CPU
	EndGlobalSection
	GlobalSection(ProjectConfigurationPlatforms) = postSolution
		{F42BA8B7-B857-434E-B178-19A323B6CA7D}.Debug|Any CPU.ActiveCfg = Debug|Any CPU
		{F42BA8B7-B857-434E-B178-19A323B6CA7D}.Debug|Any CPU.Build.0 = Debug|Any CPU
		{F42BA8B7-B857-434E-B178-19A323B6CA7D}.Release|Any CPU.ActiveCfg = Release|Any CPU
		{F42BA8B7-B857-434E-B178-19A323B6CA7D}.Release|Any CPU.Build.0 = Release|Any CPU
	EndGlobalSection
	GlobalSection(SolutionProperties) = preSolution
		HideSolutionNode = FALSE
	EndGlobalSection
	GlobalSection(ExtensibilityGlobals) = postSolution
		SolutionGuid = {74F37F8C-FF16-4358-819B-25A306932B2E}
	EndGlobalSection
EndGlobal
